# THIS IS AN AUTOGENERATED FILE. DO NOT EDIT THIS FILE DIRECTLY.
# yarn lockfile v1


"@babylonjs/core@^5.38.0":
  version "5.38.0"
  resolved "https://registry.yarnpkg.com/@babylonjs/core/-/core-5.38.0.tgz#e640f7aa6365eec4572355d2fe6e627b9b6e4936"
  integrity sha512-uZ1jPkx/agxFD8TbAaTkZnSiGV1tPDSG10XD35NE5ShJ5z11G9w9GavCxhfwrL1OPjCASuAaXQXzpzV+pN9u/A==

"@babylonjs/gui-editor@^5.38.0":
  version "5.38.0"
  resolved "https://registry.yarnpkg.com/@babylonjs/gui-editor/-/gui-editor-5.38.0.tgz#d67380c95d0f24828abddb2d19870feb07b83cc1"
  integrity sha512-XviJWdOvB0ft6YsAZ8p8MbvxFJk2ke+DyIQfpEZkwul6kHZ9P4fHVvU2Pk3qx99BC58IycLzqgKfwe5lecdYeQ==

"@babylonjs/gui@^5.38.0":
  version "5.38.0"
  resolved "https://registry.yarnpkg.com/@babylonjs/gui/-/gui-5.38.0.tgz#626f512836a0195ace87b7ca8a17831754bab046"
  integrity sha512-6NjK4CPdKa67kky9U92cH9sYth270cOm7z79mKSoNrjNb3P76jlPCdMMs53GkxzpkLAXNVwovZRDQp1TTECiAA==

"@babylonjs/inspector@^5.38.0":
  version "5.38.0"
  resolved "https://registry.yarnpkg.com/@babylonjs/inspector/-/inspector-5.38.0.tgz#02b5d5e4af89ed4f904eb0673f15ba780761627e"
  integrity sha512-pPymCUERCi4YVr9GC3orytDUmAzDcmV1Xj+nHAtii3bSjmBQPsFSOR4Q3l2FWZkR2P5TTSBGm0F7OSvUKhCt0Q==
  dependencies:
    "@fortawesome/fontawesome-svg-core" "^6.1.0"
    "@fortawesome/free-regular-svg-icons" "^6.0.0"
    "@fortawesome/free-solid-svg-icons" "^6.0.0"

"@babylonjs/loaders@^5.38.0":
  version "5.38.0"
  resolved "https://registry.yarnpkg.com/@babylonjs/loaders/-/loaders-5.38.0.tgz#ef34e29ed02b2c2f144fde525eb52d76e771f968"
  integrity sha512-CRQWfNUaEmiOHuwFH3jdWIPjniDAZUB5/5zuWqYD/It5Y4CXSm8Q0HTvRV2wbZKNApJtpPWG6FIK6j1x1nbU/Q==

"@babylonjs/materials@^5.38.0":
  version "5.38.0"
  resolved "https://registry.yarnpkg.com/@babylonjs/materials/-/materials-5.38.0.tgz#cc8e9af30c02ded0630044af6230da92dd6f00bc"
  integrity sha512-6UilR4Ev5J820S9/LFZY2bx4igGmZ36dyAIOdr/MZP1/UA+SmKd9FM8BVTeTPngvUdXRigTp6M0eoAXDdu4IbA==

"@babylonjs/serializers@^5.38.0":
  version "5.38.0"
  resolved "https://registry.yarnpkg.com/@babylonjs/serializers/-/serializers-5.38.0.tgz#44d25d07460ccb3fbb28d7f4f7bdd71a8d3dd712"
  integrity sha512-o60Ojcn5cqHigNh9ULuSyi7BNFFtgqEMl3paNrpH0exdpO4geuIlJgRwRKSEBmc8oAy5kfZAt6JAsWHH/1fosA==

"@esbuild/android-arm64@0.16.8":
  version "0.16.8"
  resolved "https://registry.yarnpkg.com/@esbuild/android-arm64/-/android-arm64-0.16.8.tgz#37837dd8092d98268d0c3cf682c1b4a284d33638"
  integrity sha512-TGQM/tdy5EV1KoFHu0+cMrKvPR8UBLGEfwS84PTCJ07KVp21Fr488aFEL2TCamz9CxoF1np36kY6XOSdLncg2Q==

"@esbuild/android-arm@0.16.8":
  version "0.16.8"
  resolved "https://registry.yarnpkg.com/@esbuild/android-arm/-/android-arm-0.16.8.tgz#bfe7e05ea51517948e93b190b3d8d8b7f1ce13f5"
  integrity sha512-r/qxYWkC3gY+Uq24wZacAUevGGb6d7d8VpyO8R0HGg31LXVi+eUr8XxHLCcmVzAjRjlZsZfzPelGpAKP/DafKg==

"@esbuild/android-x64@0.16.8":
  version "0.16.8"
  resolved "https://registry.yarnpkg.com/@esbuild/android-x64/-/android-x64-0.16.8.tgz#fb625a45f3f73f153e2497bcfdf42f62225851a4"
  integrity sha512-HtA4BNfrf5Nyoz3G2IS3qW4A0yckPJ1NjCMA3SiOw3zS1IfpMkbepDGp/Gdokc/tASFd38IP2uIL3W6bHJzAQw==

"@esbuild/darwin-arm64@0.16.8":
  version "0.16.8"
  resolved "https://registry.yarnpkg.com/@esbuild/darwin-arm64/-/darwin-arm64-0.16.8.tgz#46ace701d2e7f9981584ec719cd8da6f6088642b"
  integrity sha512-Ks8K1HGFf6LEjLnnVqB/zyaJcv7zMjbJ9txRZAwQwj+bzg8/AP0TmLBMJf9Ahwn6ATnHrhORtpydP8A/mNthXg==

"@esbuild/darwin-x64@0.16.8":
  version "0.16.8"
  resolved "https://registry.yarnpkg.com/@esbuild/darwin-x64/-/darwin-x64-0.16.8.tgz#a1de180765d63a247a892c3abdf32cc9497f55ab"
  integrity sha512-XXh2070hatspZdG/uPqyHLFlHlGbytvT4JlqZuTU3AizcyOvmatPBSnuARvwCtJMw30wjjehcYY8DWPZ5UF2og==

"@esbuild/freebsd-arm64@0.16.8":
  version "0.16.8"
  resolved "https://registry.yarnpkg.com/@esbuild/freebsd-arm64/-/freebsd-arm64-0.16.8.tgz#c52f25e4f74c1b50b7242a7aefd208652716a209"
  integrity sha512-6DJuU3+tG9LcHCG/4K3e0AnqmmKWhUc9WDNIhLHOOdleafXwZeFvsqwfyaowNg9yUw5KipRLvV3JJMQ8kT1aPg==

"@esbuild/freebsd-x64@0.16.8":
  version "0.16.8"
  resolved "https://registry.yarnpkg.com/@esbuild/freebsd-x64/-/freebsd-x64-0.16.8.tgz#fbec93f8fd4864b5882d62e45d2adf535ef2f582"
  integrity sha512-UcsCaR25C0tZWnoImprPzr7vMEMjLImlTQAIfWXU2wvjF4gBWKO9GEH2JlsKYqBjfWfGgH+HHoGSF/evZbKyxA==

"@esbuild/linux-arm64@0.16.8":
  version "0.16.8"
  resolved "https://registry.yarnpkg.com/@esbuild/linux-arm64/-/linux-arm64-0.16.8.tgz#ba2799f92f34a0ded78963892c8e5a3117b575fe"
  integrity sha512-WTL1v/OhSxgE7rEELRFNWskym0e+hKDMl4JZs7jpQp7218yJPOjdOEWsbzVEYv4G1cbbtWFvp9DtaAONtdCW5w==

"@esbuild/linux-arm@0.16.8":
  version "0.16.8"
  resolved "https://registry.yarnpkg.com/@esbuild/linux-arm/-/linux-arm-0.16.8.tgz#2b17c138f32ac00299bfdc9300c88f57e6bf04f9"
  integrity sha512-Hn36NbKd6Prh0Ehv1A2ObjfXtN2g81jTpmq1+uRLHrW7CJW+W8GdVgOCVwyeupADUIOOa8bars6IZGcjkwq21w==

"@esbuild/linux-ia32@0.16.8":
  version "0.16.8"
  resolved "https://registry.yarnpkg.com/@esbuild/linux-ia32/-/linux-ia32-0.16.8.tgz#7665de87f89bde21166da55f097f91d227945108"
  integrity sha512-Jt+8YBFR2Pk68oS7E9z9PtmgJrDonGdEW3Camb2plZcztKpu/OxfnxFu8f41+TYpKhzUDm5uNMwqxRH3yDYrsQ==

"@esbuild/linux-loong64@0.16.8":
  version "0.16.8"
  resolved "https://registry.yarnpkg.com/@esbuild/linux-loong64/-/linux-loong64-0.16.8.tgz#6ce9f86678d8b73dfd81672ab0477cf65e5ecf51"
  integrity sha512-P+5J/U/WwPEwcKOFTlTQBK6Gqw4OytpfBvR2V+kBRb5jujwMOQ1aG8iKX14DAwCLks1YHXrXPwXXDPNWEWC59A==

"@esbuild/linux-mips64el@0.16.8":
  version "0.16.8"
  resolved "https://registry.yarnpkg.com/@esbuild/linux-mips64el/-/linux-mips64el-0.16.8.tgz#6cf093dd9706e8f078868ffb91b602c1dc7f135e"
  integrity sha512-RDSnljcka9UkVxcLtWv2lG5zcqkZUxIPY47ZSKytv4aoo8b05dH1gnKVWrxBZ+owp3dX48s2lXm6zp3hZHl8qw==

"@esbuild/linux-ppc64@0.16.8":
  version "0.16.8"
  resolved "https://registry.yarnpkg.com/@esbuild/linux-ppc64/-/linux-ppc64-0.16.8.tgz#ed3f4aa0a835fc385554711cdc0ac785d2f3856d"
  integrity sha512-fNGvIKXyigXYhSflraBsqR/EBhXhuH0/0r7IpU+3reh+8yX3VjowjC/dwmqHDOSQXbcj+HJb1o9kWYi+fJQ/3g==

"@esbuild/linux-riscv64@0.16.8":
  version "0.16.8"
  resolved "https://registry.yarnpkg.com/@esbuild/linux-riscv64/-/linux-riscv64-0.16.8.tgz#7f1e1dee09b70041ab31ba770f9cc3cad78505f4"
  integrity sha512-CsE1IKyVq/Y55PDnBUvm/e7XfvBgfb5kZxHbIEdmB9xt6cTcBkaVvv8EwLDZuYPkYI60WGl0UwyYYx9B2LLgkg==

"@esbuild/linux-s390x@0.16.8":
  version "0.16.8"
  resolved "https://registry.yarnpkg.com/@esbuild/linux-s390x/-/linux-s390x-0.16.8.tgz#0641fbfd9fe1b7e14172ddd9c9dd396d402d54f9"
  integrity sha512-k8RIN4M+GWQAfJ/oGqwxZlpzOyGF8mxp5mH1A1WUJrpSUo4pe0zkq2EoP1KMQbYkjeJi45YsjwK3IOnSoueXbA==

"@esbuild/linux-x64@0.16.8":
  version "0.16.8"
  resolved "https://registry.yarnpkg.com/@esbuild/linux-x64/-/linux-x64-0.16.8.tgz#50b960e728845c4e16497b6344ff49cd18e68410"
  integrity sha512-u0hOo4E9PKyVDmPgJNeip1Tg63wxq+3KBJZKQFblqCl+d5N7n1h7pFwdN5ZzeLaaE645ep8aXzf76ndGnyOypg==

"@esbuild/netbsd-x64@0.16.8":
  version "0.16.8"
  resolved "https://registry.yarnpkg.com/@esbuild/netbsd-x64/-/netbsd-x64-0.16.8.tgz#c301af71797751766689460c2bd4516ead698c0e"
  integrity sha512-wtENU7TOrnEbUes9aQuNe5PeBM4cTK5dn1W7v6XCr1LatJxAOn6Jn8yDGRsa2uKeEbAS5HeYx7uBAbTBd98OXQ==

"@esbuild/openbsd-x64@0.16.8":
  version "0.16.8"
  resolved "https://registry.yarnpkg.com/@esbuild/openbsd-x64/-/openbsd-x64-0.16.8.tgz#8f10f04c6c80f04c7c1ee89e2f60ef5c791a8d4d"
  integrity sha512-Y0DRVd/PIiutCpAYvRZHkpDNN3tdSQ1oyKy6xoh5TFTElAmzdlO7CO8ABs8689gq47lJ466cQEq9adJrKXrgXg==

"@esbuild/sunos-x64@0.16.8":
  version "0.16.8"
  resolved "https://registry.yarnpkg.com/@esbuild/sunos-x64/-/sunos-x64-0.16.8.tgz#463cb5d29997216391eaeaca25ed8549dd464f8e"
  integrity sha512-eKg0I3C5z4NTF396Yo9QByXA8DdRS7QiYPFf6JHcED0BanyLW/jX8csUy96wyGivTNrmU0mCOShbeLgzb0eX7w==

"@esbuild/win32-arm64@0.16.8":
  version "0.16.8"
  resolved "https://registry.yarnpkg.com/@esbuild/win32-arm64/-/win32-arm64-0.16.8.tgz#f69f45591a0d5c54f52c9fdc124fb3c54c823b42"
  integrity sha512-M2BZhsa7z8kMGre96HTMXpm266cfJkbdtcZgVfAL8hY4ptkh5MwNDasl85CDo++ffW2issVT+W/xIGJOr0v2pg==

"@esbuild/win32-ia32@0.16.8":
  version "0.16.8"
  resolved "https://registry.yarnpkg.com/@esbuild/win32-ia32/-/win32-ia32-0.16.8.tgz#0fd3cba945998c5907b63a2af2943b248461e272"
  integrity sha512-mzzHVpnuHQT+IrptiW+uUswEMpVIueYuAkjwt1m4tQuVq9dGWqCA1y9EE+W3S19nMg6JvHMbaRjv3mlCcmi0rA==

"@esbuild/win32-x64@0.16.8":
  version "0.16.8"
  resolved "https://registry.yarnpkg.com/@esbuild/win32-x64/-/win32-x64-0.16.8.tgz#f77f4f51b1e088fd82e5dce258e83e5d255dc8ac"
  integrity sha512-Zgzyn7njXpSSe1YGQk03eW4uei4QoZKloe/TBQZXgQHo6ul/ux0BtYdLz3MZ8WDlvqTG3QnLV4+gtV5ordM0+g==

"@fortawesome/fontawesome-common-types@6.2.1":
  version "6.2.1"
  resolved "https://registry.yarnpkg.com/@fortawesome/fontawesome-common-types/-/fontawesome-common-types-6.2.1.tgz#411e02a820744d3f7e0d8d9df9d82b471beaa073"
  integrity sha512-Sz07mnQrTekFWLz5BMjOzHl/+NooTdW8F8kDQxjWwbpOJcnoSg4vUDng8d/WR1wOxM0O+CY9Zw0nR054riNYtQ==

"@fortawesome/fontawesome-svg-core@^6.1.0":
  version "6.2.1"
  resolved "https://registry.yarnpkg.com/@fortawesome/fontawesome-svg-core/-/fontawesome-svg-core-6.2.1.tgz#e87e905e444b5e7b715af09b64d27b53d4c8f9d9"
  integrity sha512-HELwwbCz6C1XEcjzyT1Jugmz2NNklMrSPjZOWMlc+ZsHIVk+XOvOXLGGQtFBwSyqfJDNgRq4xBCwWOaZ/d9DEA==
  dependencies:
    "@fortawesome/fontawesome-common-types" "6.2.1"

"@fortawesome/free-regular-svg-icons@^6.0.0":
  version "6.2.1"
  resolved "https://registry.yarnpkg.com/@fortawesome/free-regular-svg-icons/-/free-regular-svg-icons-6.2.1.tgz#650e56d937755a8341f2eef258ecb6f95458820f"
  integrity sha512-wiqcNDNom75x+pe88FclpKz7aOSqS2lOivZeicMV5KRwOAeypxEYWAK/0v+7r+LrEY30+qzh8r2XDaEHvoLsMA==
  dependencies:
    "@fortawesome/fontawesome-common-types" "6.2.1"

"@fortawesome/free-solid-svg-icons@^6.0.0":
  version "6.2.1"
  resolved "https://registry.yarnpkg.com/@fortawesome/free-solid-svg-icons/-/free-solid-svg-icons-6.2.1.tgz#2290ea5adcf1537cbd0c43de6feb38af02141d27"
  integrity sha512-oKuqrP5jbfEPJWTij4sM+/RvgX+RMFwx3QZCZcK9PrBDgxC35zuc7AOFsyMjMd/PIFPeB2JxyqDr5zs/DZFPPw==
  dependencies:
    "@fortawesome/fontawesome-common-types" "6.2.1"

esbuild@^0.16.3:
  version "0.16.8"
  resolved "https://registry.yarnpkg.com/esbuild/-/esbuild-0.16.8.tgz#e6a383ad7b321421a299b7bd66cb0a96eac6d70d"
  integrity sha512-RKxRaLYAI5b/IVJ5k8jK3bO2G7cch2ZIZFbfKHbBzpwsWt9+VChcBEndNISBBZ5c3WwekFfkfl11/2QfIGHgDw==
  optionalDependencies:
    "@esbuild/android-arm" "0.16.8"
    "@esbuild/android-arm64" "0.16.8"
    "@esbuild/android-x64" "0.16.8"
    "@esbuild/darwin-arm64" "0.16.8"
    "@esbuild/darwin-x64" "0.16.8"
    "@esbuild/freebsd-arm64" "0.16.8"
    "@esbuild/freebsd-x64" "0.16.8"
    "@esbuild/linux-arm" "0.16.8"
    "@esbuild/linux-arm64" "0.16.8"
    "@esbuild/linux-ia32" "0.16.8"
    "@esbuild/linux-loong64" "0.16.8"
    "@esbuild/linux-mips64el" "0.16.8"
    "@esbuild/linux-ppc64" "0.16.8"
    "@esbuild/linux-riscv64" "0.16.8"
    "@esbuild/linux-s390x" "0.16.8"
    "@esbuild/linux-x64" "0.16.8"
    "@esbuild/netbsd-x64" "0.16.8"
    "@esbuild/openbsd-x64" "0.16.8"
    "@esbuild/sunos-x64" "0.16.8"
    "@esbuild/win32-arm64" "0.16.8"
    "@esbuild/win32-ia32" "0.16.8"
    "@esbuild/win32-x64" "0.16.8"

fsevents@~2.3.2:
  version "2.3.2"
  resolved "https://registry.yarnpkg.com/fsevents/-/fsevents-2.3.2.tgz#8a526f78b8fdf4623b709e0b975c52c24c02fd1a"
  integrity sha512-xiqMQR4xAeHTuB9uWm+fFRcIOgKBMiOBP+eXiyT7jsgVCq1bkVygt00oASowB7EdtpOHaaPgKt812P9ab+DDKA==

function-bind@^1.1.1:
  version "1.1.1"
  resolved "https://registry.yarnpkg.com/function-bind/-/function-bind-1.1.1.tgz#a56899d3ea3c9bab874bb9773b7c5ede92f4895d"
  integrity sha512-yIovAzMX49sF8Yl58fSCWJ5svSLuaibPxXQJFLmBObTuCr0Mf1KiPopGM9NiFjiYBCbfaa2Fh6breQ6ANVTI0A==

has@^1.0.3:
  version "1.0.3"
  resolved "https://registry.yarnpkg.com/has/-/has-1.0.3.tgz#722d7cbfc1f6aa8241f16dd814e011e1f41e8796"
  integrity sha512-f2dvO0VU6Oej7RkWJGrehjbzMAjFp5/VKPp5tTpWIV4JHHZK1/BxbFRtf/siA2SWTe09caDmVtYYzWEIbBS4zw==
  dependencies:
    function-bind "^1.1.1"

is-core-module@^2.9.0:
  version "2.11.0"
  resolved "https://registry.yarnpkg.com/is-core-module/-/is-core-module-2.11.0.tgz#ad4cb3e3863e814523c96f3f58d26cc570ff0144"
  integrity sha512-RRjxlvLDkD1YJwDbroBHMb+cukurkDWNyHx7D3oNB5x9rb5ogcksMC5wHCadcXoo67gVr/+3GFySh3134zi6rw==
  dependencies:
    has "^1.0.3"

nanoid@^3.3.4:
  version "3.3.4"
  resolved "https://registry.yarnpkg.com/nanoid/-/nanoid-3.3.4.tgz#730b67e3cd09e2deacf03c027c81c9d9dbc5e8ab"
  integrity sha512-MqBkQh/OHTS2egovRtLk45wEyNXwF+cokD+1YPf9u5VfJiRdAiRwB2froX5Co9Rh20xs4siNPm8naNotSD6RBw==

path-parse@^1.0.7:
  version "1.0.7"
  resolved "https://registry.yarnpkg.com/path-parse/-/path-parse-1.0.7.tgz#fbc114b60ca42b30d9daf5858e4bd68bbedb6735"
  integrity sha512-LDJzPVEEEPR+y48z93A0Ed0yXb8pAByGWo/k5YYdYgpY2/2EsOsksJrq7lOHxryrVOn1ejG6oAp8ahvOIQD8sw==

picocolors@^1.0.0:
  version "1.0.0"
  resolved "https://registry.yarnpkg.com/picocolors/-/picocolors-1.0.0.tgz#cb5bdc74ff3f51892236eaf79d68bc44564ab81c"
  integrity sha512-1fygroTLlHu66zi26VoTDv8yRgm0Fccecssto+MhsZ0D/DGW2sm8E8AjW7NU5VVTRt5GxbeZ5qBuJr+HyLYkjQ==

postcss@^8.4.20:
  version "8.4.20"
  resolved "https://registry.yarnpkg.com/postcss/-/postcss-8.4.20.tgz#64c52f509644cecad8567e949f4081d98349dc56"
  integrity sha512-6Q04AXR1212bXr5fh03u8aAwbLxAQNGQ/Q1LNa0VfOI06ZAlhPHtQvE4OIdpj4kLThXilalPnmDSOD65DcHt+g==
  dependencies:
    nanoid "^3.3.4"
    picocolors "^1.0.0"
    source-map-js "^1.0.2"

resolve@^1.22.1:
  version "1.22.1"
  resolved "https://registry.yarnpkg.com/resolve/-/resolve-1.22.1.tgz#27cb2ebb53f91abb49470a928bba7558066ac177"
  integrity sha512-nBpuuYuY5jFsli/JIs1oldw6fOQCBioohqWZg/2hiaOybXOft4lonv85uDOKXdf8rhyK159cxU5cDcK/NKk8zw==
  dependencies:
    is-core-module "^2.9.0"
    path-parse "^1.0.7"
    supports-preserve-symlinks-flag "^1.0.0"

rollup@^3.7.0:
  version "3.7.5"
  resolved "https://registry.yarnpkg.com/rollup/-/rollup-3.7.5.tgz#db580f8eda50237b0721ddea301fb981cd992933"
  integrity sha512-z0ZbqHBtS/et2EEUKMrAl2CoSdwN7ZPzL17UMiKN9RjjqHShTlv7F9J6ZJZJNREYjBh3TvBrdfjkFDIXFNeuiQ==
  optionalDependencies:
    fsevents "~2.3.2"

source-map-js@^1.0.2:
  version "1.0.2"
  resolved "https://registry.yarnpkg.com/source-map-js/-/source-map-js-1.0.2.tgz#adbc361d9c62df380125e7f161f71c826f1e490c"
  integrity sha512-R0XvVJ9WusLiqTCEiGCmICCMplcCkIwwR11mOSD9CR5u+IXYdiseeEuXCVAjS54zqwkLcPNnmU4OeJ6tUrWhDw==

supports-preserve-symlinks-flag@^1.0.0:
  version "1.0.0"
  resolved "https://registry.yarnpkg.com/supports-preserve-symlinks-flag/-/supports-preserve-symlinks-flag-1.0.0.tgz#6eda4bd344a3c94aea376d4cc31bc77311039e09"
  integrity sha512-ot0WnXS9fgdkgIcePe6RHNk1WA8+muPa6cSjeR3V8K27q9BB1rTE3R1p7Hv0z1ZyAc8s6Vvv8DIyWf681MAt0w==

typescript@^4.9.3:
  version "4.9.4"
  resolved "https://registry.yarnpkg.com/typescript/-/typescript-4.9.4.tgz#a2a3d2756c079abda241d75f149df9d561091e78"
  integrity sha512-Uz+dTXYzxXXbsFpM86Wh3dKCxrQqUcVMxwU54orwlJjOpO3ao8L7j5lH+dWfTwgCwIuM9GQ2kvVotzYJMXTBZg==

vite@^4.0.1:
  version "4.0.1"
  resolved "https://registry.yarnpkg.com/vite/-/vite-4.0.1.tgz#e0a54d818c28ae47fd27bcac6a4a952c6a658502"
  integrity sha512-kZQPzbDau35iWOhy3CpkrRC7It+HIHtulAzBhMqzGHKRf/4+vmh8rPDDdv98SWQrFWo6//3ozwsRmwQIPZsK9g==
  dependencies:
    esbuild "^0.16.3"
    postcss "^8.4.20"
    resolve "^1.22.1"
    rollup "^3.7.0"
  optionalDependencies:
    fsevents "~2.3.2"
